
Microsoft Visual Studio Solution File, Format Version 12.00
#
Project("{FAE04EC0-301F-11D3-BF4B-00C04F79EFBC}") = "App", "App\App.csproj", "{C1752E8C-1991-47E5-B264-A5F09F7F3A94}"
EndProject
Project("{FAE04EC0-301F-11D3-BF4B-00C04F79EFBC}") = "CustomNoMediatr", "CustomNoMediatr\CustomNoMediatr.csproj", "{FC9E0570-44DA-4B0E-92EF-BB17D9736966}"
EndProject
Project("{FAE04EC0-301F-11D3-BF4B-00C04F79EFBC}") = "Services", "Services\Services.csproj", "{F442A765-AEE4-4B9D-B737-1B4E1ECA9DEE}"
EndProject
Project("{FAE04EC0-301F-11D3-BF4B-00C04F79EFBC}") = "Benchos", "Benchos\Benchos.csproj", "{2DA60CA2-A103-4D51-804C-18539164109E}"
EndProject
Global
	GlobalSection(SolutionConfigurationPlatforms) = preSolution
		Debug|Any CPU = Debug|Any CPU
		Release|Any CPU = Release|Any CPU
	EndGlobalSection
	GlobalSection(ProjectConfigurationPlatforms) = postSolution
		{C1752E8C-1991-47E5-B264-A5F09F7F3A94}.Debug|Any CPU.ActiveCfg = Debug|Any CPU
		{C1752E8C-1991-47E5-B264-A5F09F7F3A94}.Debug|Any CPU.Build.0 = Debug|Any CPU
		{C1752E8C-1991-47E5-B264-A5F09F7F3A94}.Release|Any CPU.ActiveCfg = Release|Any CPU
		{C1752E8C-1991-47E5-B264-A5F09F7F3A94}.Release|Any CPU.Build.0 = Release|Any CPU
		{FC9E0570-44DA-4B0E-92EF-BB17D9736966}.Debug|Any CPU.ActiveCfg = Debug|Any CPU
		{FC9E0570-44DA-4B0E-92EF-BB17D9736966}.Debug|Any CPU.Build.0 = Debug|Any CPU
		{FC9E0570-44DA-4B0E-92EF-BB17D9736966}.Release|Any CPU.ActiveCfg = Release|Any CPU
		{FC9E0570-44DA-4B0E-92EF-BB17D9736966}.Release|Any CPU.Build.0 = Release|Any CPU
		{F442A765-AEE4-4B9D-B737-1B4E1ECA9DEE}.Debug|Any CPU.ActiveCfg = Debug|Any CPU
		{F442A765-AEE4-4B9D-B737-1B4E1ECA9DEE}.Debug|Any CPU.Build.0 = Debug|Any CPU
		{F442A765-AEE4-4B9D-B737-1B4E1ECA9DEE}.Release|Any CPU.ActiveCfg = Release|Any CPU
		{F442A765-AEE4-4B9D-B737-1B4E1ECA9DEE}.Release|Any CPU.Build.0 = Release|Any CPU
		{2DA60CA2-A103-4D51-804C-18539164109E}.Debug|Any CPU.ActiveCfg = Debug|Any CPU
		{2DA60CA2-A103-4D51-804C-18539164109E}.Debug|Any CPU.Build.0 = Debug|Any CPU
		{2DA60CA2-A103-4D51-804C-18539164109E}.Release|Any CPU.ActiveCfg = Release|Any CPU
		{2DA60CA2-A103-4D51-804C-18539164109E}.Release|Any CPU.Build.0 = Release|Any CPU
	EndGlobalSection
EndGlobal
